{
  "nodes": {
    "flake-utils": {
      "locked": {
        "lastModified": 1667395993,
        "narHash": "sha256-nuEHfE/LcWyuSWnS8t12N1wc105Qtau+/OdUAjtQ0rA=",
        "owner": "numtide",
        "repo": "flake-utils",
        "rev": "5aed5285a952e0b949eb3ba02c12fa4fcfef535f",
        "type": "github"
      },
      "original": {
        "owner": "numtide",
        "repo": "flake-utils",
        "type": "github"
      }
    },
    "git-ignore-nix": {
      "inputs": {
        "nixpkgs": "nixpkgs_2"
      },
      "locked": {
        "lastModified": 1660459072,
        "narHash": "sha256-8DFJjXG8zqoONA1vXtgeKXy68KdJL5UaXR8NtVMUbx8=",
        "owner": "hercules-ci",
        "repo": "gitignore.nix",
        "rev": "a20de23b925fd8264fd7fad6454652e142fd7f73",
        "type": "github"
      },
      "original": {
        "owner": "hercules-ci",
        "ref": "master",
        "repo": "gitignore.nix",
        "type": "github"
      }
    },
    "git-ignore-nix_2": {
      "inputs": {
        "nixpkgs": "nixpkgs_3"
      },
      "locked": {
        "lastModified": 1660459072,
        "narHash": "sha256-8DFJjXG8zqoONA1vXtgeKXy68KdJL5UaXR8NtVMUbx8=",
        "owner": "hercules-ci",
        "repo": "gitignore.nix",
        "rev": "a20de23b925fd8264fd7fad6454652e142fd7f73",
        "type": "github"
      },
      "original": {
        "owner": "hercules-ci",
        "ref": "master",
        "repo": "gitignore.nix",
        "type": "github"
      }
    },
    "nixpkgs": {
      "locked": {
        "lastModified": 1671788672,
        "narHash": "sha256-tLkPxJuos3jki2f/TZdHn+NuMQAzN9s2E4QudylQLg0=",
        "owner": "NixOS",
        "repo": "nixpkgs",
        "rev": "2c74fcd6c5fc14a61de158fb796243543f46b217",
        "type": "github"
      },
      "original": {
        "id": "nixpkgs",
        "type": "indirect"
      }
    },
    "nixpkgs_2": {
      "locked": {
        "lastModified": 1632846328,
        "narHash": "sha256-sFi6YtlGK30TBB9o6CW7LG9mYHkgtKeWbSLAjjrNTX0=",
        "owner": "NixOS",
        "repo": "nixpkgs",
        "rev": "2b71ddd869ad592510553d09fe89c9709fa26b2b",
        "type": "github"
      },
      "original": {
        "id": "nixpkgs",
        "type": "indirect"
      }
    },
    "nixpkgs_3": {
      "locked": {
        "lastModified": 1632846328,
        "narHash": "sha256-sFi6YtlGK30TBB9o6CW7LG9mYHkgtKeWbSLAjjrNTX0=",
        "owner": "NixOS",
        "repo": "nixpkgs",
        "rev": "2b71ddd869ad592510553d09fe89c9709fa26b2b",
        "type": "github"
      },
      "original": {
        "id": "nixpkgs",
        "type": "indirect"
      }
    },
    "root": {
      "inputs": {
        "flake-utils": "flake-utils",
        "nixpkgs": "nixpkgs",
        "unstable": "unstable",
        "xmonad": "xmonad",
        "xmonad-contrib": "xmonad-contrib"
      }
    },
    "unstable": {
      "locked": {
        "lastModified": 1671722432,
        "narHash": "sha256-ojcZUekIQeOZkHHzR81st7qxX99dB1Eaaq6PU5MNeKc=",
        "owner": "NixOS",
        "repo": "nixpkgs",
        "rev": "652e92b8064949a11bc193b90b74cb727f2a1405",
        "type": "github"
      },
      "original": {
        "id": "unstable",
        "type": "indirect"
      }
    },
    "xmonad": {
      "inputs": {
        "flake-utils": [
          "flake-utils"
        ],
        "git-ignore-nix": "git-ignore-nix",
        "nixpkgs": [
          "nixpkgs"
        ],
        "unstable": [
          "unstable"
        ]
      },
      "locked": {
        "lastModified": 1670073330,
        "narHash": "sha256-6yCa0V5pv5xe0nU3vxz/S9Fl4OuE4+lJOjYRZLhhl0w=",
        "owner": "xmonad",
        "repo": "xmonad",
        "rev": "57c3a131253720e542fb399b229b697614642b53",
        "type": "github"
      },
      "original": {
        "owner": "xmonad",
        "repo": "xmonad",
        "type": "github"
      }
    },
    "xmonad-contrib": {
      "inputs": {
        "flake-utils": [
          "flake-utils"
        ],
        "git-ignore-nix": "git-ignore-nix_2",
        "nixpkgs": [
          "nixpkgs"
        ],
        "xmonad": [
          "xmonad"
        ]
      },
      "locked": {
        "lastModified": 1670879805,
        "narHash": "sha256-jBc0+Cnj4U7173fZHcCy30F5Cjda1mtX2M/fCvKYZg0=",
        "owner": "xmonad",
        "repo": "xmonad-contrib",
        "rev": "4df20361876aea517b051b76d7d80cbb364c97e4",
        "type": "github"
      },
      "original": {
        "owner": "xmonad",
        "repo": "xmonad-contrib",
        "type": "github"
      }
    }
  },
  "root": "root",
  "version": 7
}
