{
  "nodes": {
    "nixpkgs": {
      "locked": {
        "lastModified": 1640077788,
        "narHash": "sha256-YMSDk3hlucJTTARaHNOeQEF6zEW3A/x4sXgrz94VbS0=",
        "owner": "NixOS",
        "repo": "nixpkgs",
        "rev": "9ab7d12287ced0e1b4c03b61c781901f178d9d77",
        "type": "github"
      },
      "original": {
        "owner": "NixOS",
        "ref": "nixos-21.11",
        "repo": "nixpkgs",
        "type": "github"
      }
    },
    "root": {
      "inputs": {
        "nixpkgs": "nixpkgs"
      }
    }
  },
  "root": "root",
  "version": 7
}
