{
  "nodes": {
    "easy-hls": {
      "inputs": {
        "nixpkgs": [
          "nixpkgs"
        ]
      },
      "locked": {
        "lastModified": 1631816020,
        "narHash": "sha256-vIWoELp4zkDfqdBcRUeQetONkiqXiZnchqJj+SftOGA=",
        "owner": "ssbothwell",
        "repo": "easy-hls-nix",
        "rev": "393ccab35104d5d49e0ff9eadf7b8654e87abffd",
        "type": "github"
      },
      "original": {
        "owner": "ssbothwell",
        "repo": "easy-hls-nix",
        "type": "github"
      }
    },
    "flake-utils": {
      "locked": {
        "lastModified": 1631561581,
        "narHash": "sha256-3VQMV5zvxaVLvqqUrNz3iJelLw30mIVSfZmAaauM3dA=",
        "owner": "numtide",
        "repo": "flake-utils",
        "rev": "7e5bf3925f6fbdfaf50a2a7ca0be2879c4261d19",
        "type": "github"
      },
      "original": {
        "owner": "numtide",
        "repo": "flake-utils",
        "type": "github"
      }
    },
    "nixpkgs": {
      "locked": {
        "narHash": "sha256-XY3TKBfhP7wCu/SeqrwIkTWkyYHy5W1yRR8pxyzRY9Y=",
        "path": "../../nixpkgs",
        "type": "path"
      },
      "original": {
        "path": "../../nixpkgs",
        "type": "path"
      }
    },
    "root": {
      "inputs": {
        "easy-hls": "easy-hls",
        "flake-utils": "flake-utils",
        "nixpkgs": "nixpkgs"
      }
    }
  },
  "root": "root",
  "version": 7
}
