{
  "nodes": {
    "brightness-bar": {
      "inputs": {
        "nixpkgs": [
          "nixpkgs"
        ]
      },
      "locked": {
        "lastModified": 1654129755,
        "narHash": "sha256-xrzZHGdFsYQI9u8VlgzIxG2zX7mVmQOp3HL1EQGfacM=",
        "path": "/home/solomon/Development/Nix/nixos-config/flakes/brightness-bar",
        "type": "path"
      },
      "original": {
        "path": "/home/solomon/Development/Nix/nixos-config/flakes/brightness-bar",
        "type": "path"
      }
    },
    "flake-compat": {
      "flake": false,
      "locked": {
        "lastModified": 1606424373,
        "narHash": "sha256-oq8d4//CJOrVj+EcOaSXvMebvuTkmBJuT5tzlfewUnQ=",
        "owner": "edolstra",
        "repo": "flake-compat",
        "rev": "99f1c2157fba4bfe6211a321fd0ee43199025dbf",
        "type": "github"
      },
      "original": {
        "owner": "edolstra",
        "repo": "flake-compat",
        "type": "github"
      }
    },
    "flake-utils": {
      "locked": {
        "lastModified": 1653893745,
        "narHash": "sha256-0jntwV3Z8//YwuOjzhV2sgJJPt+HY6KhU7VZUL0fKZQ=",
        "owner": "numtide",
        "repo": "flake-utils",
        "rev": "1ed9fb1935d260de5fe1c2f7ee0ebaae17ed2fa1",
        "type": "github"
      },
      "original": {
        "owner": "numtide",
        "repo": "flake-utils",
        "type": "github"
      }
    },
    "flake-utils_2": {
      "locked": {
        "lastModified": 1610051610,
        "narHash": "sha256-U9rPz/usA1/Aohhk7Cmc2gBrEEKRzcW4nwPWMPwja4Y=",
        "owner": "numtide",
        "repo": "flake-utils",
        "rev": "3982c9903e93927c2164caa727cd3f6a0e6d14cc",
        "type": "github"
      },
      "original": {
        "owner": "numtide",
        "repo": "flake-utils",
        "type": "github"
      }
    },
    "flake-utils_3": {
      "locked": {
        "lastModified": 1653893745,
        "narHash": "sha256-0jntwV3Z8//YwuOjzhV2sgJJPt+HY6KhU7VZUL0fKZQ=",
        "owner": "numtide",
        "repo": "flake-utils",
        "rev": "1ed9fb1935d260de5fe1c2f7ee0ebaae17ed2fa1",
        "type": "github"
      },
      "original": {
        "owner": "numtide",
        "repo": "flake-utils",
        "type": "github"
      }
    },
    "flake-utils_4": {
      "locked": {
        "lastModified": 1653893745,
        "narHash": "sha256-0jntwV3Z8//YwuOjzhV2sgJJPt+HY6KhU7VZUL0fKZQ=",
        "owner": "numtide",
        "repo": "flake-utils",
        "rev": "1ed9fb1935d260de5fe1c2f7ee0ebaae17ed2fa1",
        "type": "github"
      },
      "original": {
        "owner": "numtide",
        "repo": "flake-utils",
        "type": "github"
      }
    },
    "git-ignore-nix": {
      "inputs": {
        "nixpkgs": [
          "xmonad",
          "nixpkgs"
        ]
      },
      "locked": {
        "lastModified": 1646480205,
        "narHash": "sha256-kekOlTlu45vuK2L9nq8iVN17V3sB0WWPqTTW3a2SQG0=",
        "owner": "hercules-ci",
        "repo": "gitignore.nix",
        "rev": "bff2832ec341cf30acb3a4d3e2e7f1f7b590116a",
        "type": "github"
      },
      "original": {
        "owner": "hercules-ci",
        "ref": "master",
        "repo": "gitignore.nix",
        "type": "github"
      }
    },
    "git-ignore-nix_2": {
      "inputs": {
        "nixpkgs": [
          "xmonad-contrib",
          "nixpkgs"
        ]
      },
      "locked": {
        "lastModified": 1646480205,
        "narHash": "sha256-kekOlTlu45vuK2L9nq8iVN17V3sB0WWPqTTW3a2SQG0=",
        "owner": "hercules-ci",
        "repo": "gitignore.nix",
        "rev": "bff2832ec341cf30acb3a4d3e2e7f1f7b590116a",
        "type": "github"
      },
      "original": {
        "owner": "hercules-ci",
        "ref": "master",
        "repo": "gitignore.nix",
        "type": "github"
      }
    },
    "git-ignore-nix_3": {
      "inputs": {
        "nixpkgs": [
          "xmonad-solomon",
          "xmonad",
          "nixpkgs"
        ]
      },
      "locked": {
        "lastModified": 1646480205,
        "narHash": "sha256-kekOlTlu45vuK2L9nq8iVN17V3sB0WWPqTTW3a2SQG0=",
        "owner": "hercules-ci",
        "repo": "gitignore.nix",
        "rev": "bff2832ec341cf30acb3a4d3e2e7f1f7b590116a",
        "type": "github"
      },
      "original": {
        "owner": "hercules-ci",
        "ref": "master",
        "repo": "gitignore.nix",
        "type": "github"
      }
    },
    "git-ignore-nix_4": {
      "inputs": {
        "nixpkgs": [
          "xmonad-solomon",
          "xmonad-contrib",
          "nixpkgs"
        ]
      },
      "locked": {
        "lastModified": 1646480205,
        "narHash": "sha256-kekOlTlu45vuK2L9nq8iVN17V3sB0WWPqTTW3a2SQG0=",
        "owner": "hercules-ci",
        "repo": "gitignore.nix",
        "rev": "bff2832ec341cf30acb3a4d3e2e7f1f7b590116a",
        "type": "github"
      },
      "original": {
        "owner": "hercules-ci",
        "ref": "master",
        "repo": "gitignore.nix",
        "type": "github"
      }
    },
    "graphqurl": {
      "inputs": {
        "nixpkgs": [
          "nixpkgs"
        ]
      },
      "locked": {
        "lastModified": 1654129755,
        "narHash": "sha256-vjabMLF+rKiSeX/7ibk1c+/hH9jjUxoe1CeIdvixofY=",
        "path": "/home/solomon/Development/Nix/nixos-config/flakes/graphqurl",
        "type": "path"
      },
      "original": {
        "path": "/home/solomon/Development/Nix/nixos-config/flakes/graphqurl",
        "type": "path"
      }
    },
    "home-manager": {
      "inputs": {
        "nixpkgs": [
          "nixpkgs"
        ]
      },
      "locked": {
        "lastModified": 1654113405,
        "narHash": "sha256-VpK+0QaWG2JRgB00lw77N9TjkE3ec0iMYIX1TzGpxa4=",
        "owner": "rycee",
        "repo": "home-manager",
        "rev": "ac2287df5a2d6f0a44bbcbd11701dbbf6ec43675",
        "type": "github"
      },
      "original": {
        "owner": "rycee",
        "ref": "release-22.05",
        "repo": "home-manager",
        "type": "github"
      }
    },
    "kmonad": {
      "inputs": {
        "flake-utils": [
          "flake-utils"
        ],
        "nixpkgs": [
          "nixpkgs"
        ]
      },
      "locked": {
        "dir": "nix",
        "lastModified": 1630622629,
        "narHash": "sha256-dBZfNRzxF/dDatmlGUM7ZcfCTAixnRsYXKzAXbb12P8=",
        "owner": "pnotequalnp",
        "repo": "kmonad",
        "rev": "d130553134f0fb2254852e719a06bc36dce58441",
        "type": "github"
      },
      "original": {
        "dir": "nix",
        "owner": "pnotequalnp",
        "ref": "flake",
        "repo": "kmonad",
        "type": "github"
      }
    },
    "nixops-plugged": {
      "inputs": {
        "flake-compat": "flake-compat",
        "flake-utils": [
          "flake-utils"
        ],
        "nixpkgs": [
          "nixpkgs"
        ],
        "poetry2nix": "poetry2nix"
      },
      "locked": {
        "lastModified": 1650808501,
        "narHash": "sha256-kt5NEPnmZBqdlxecKbVYCUdn9zqrE3v/aRZUOG5Fxy4=",
        "owner": "lukebfox",
        "repo": "nixops-plugged",
        "rev": "24ede623ee5783a76ffc174e4bea655821b55ecb",
        "type": "github"
      },
      "original": {
        "owner": "lukebfox",
        "repo": "nixops-plugged",
        "type": "github"
      }
    },
    "nixpkgs": {
      "locked": {
        "lastModified": 1610729867,
        "narHash": "sha256-bk/SBaBLqZX/PEqal27DMQwAHHl0dcZMp8NNksQr80s=",
        "owner": "NixOS",
        "repo": "nixpkgs",
        "rev": "04af07c659c6723a2259bb6bc00a47ec53330f20",
        "type": "github"
      },
      "original": {
        "owner": "NixOS",
        "repo": "nixpkgs",
        "type": "github"
      }
    },
    "nixpkgs_2": {
      "locked": {
        "lastModified": 1654005557,
        "narHash": "sha256-J6elwUzPoco+r5qWPHhvS2EHVWomUtNcxzkfdAQOwEU=",
        "owner": "nixos",
        "repo": "nixpkgs",
        "rev": "08950a6e29cf7bddee466592eb790a417550f7f9",
        "type": "github"
      },
      "original": {
        "owner": "nixos",
        "ref": "nixos-22.05",
        "repo": "nixpkgs",
        "type": "github"
      }
    },
    "poetry2nix": {
      "inputs": {
        "flake-utils": "flake-utils_2",
        "nixpkgs": "nixpkgs"
      },
      "locked": {
        "lastModified": 1621564136,
        "narHash": "sha256-cXhv2lcpxz9muSKsJ0+r5q8YUGYIUARsPUFFWfcuiAQ=",
        "owner": "nix-community",
        "repo": "poetry2nix",
        "rev": "a5d82ecb020e6c058c0a515520a4e22133278b92",
        "type": "github"
      },
      "original": {
        "owner": "nix-community",
        "repo": "poetry2nix",
        "type": "github"
      }
    },
    "root": {
      "inputs": {
        "brightness-bar": "brightness-bar",
        "flake-utils": "flake-utils",
        "graphqurl": "graphqurl",
        "home-manager": "home-manager",
        "kmonad": "kmonad",
        "nixops-plugged": "nixops-plugged",
        "nixpkgs": "nixpkgs_2",
        "unstable": "unstable",
        "volume-bar": "volume-bar",
        "xmobar-solomon": "xmobar-solomon",
        "xmonad": "xmonad",
        "xmonad-contrib": "xmonad-contrib",
        "xmonad-solomon": "xmonad-solomon"
      }
    },
    "unstable": {
      "locked": {
        "lastModified": 1654140895,
        "narHash": "sha256-Fi0js81alHvJQxs7ZiAVo76AYQ5F3kH+AilZ1LV9hkA=",
        "owner": "NixOS",
        "repo": "nixpkgs",
        "rev": "85473a18068c46daf2dc1f9cc8023965b33ca920",
        "type": "github"
      },
      "original": {
        "id": "unstable",
        "type": "indirect"
      }
    },
    "volume-bar": {
      "inputs": {
        "nixpkgs": [
          "nixpkgs"
        ]
      },
      "locked": {
        "lastModified": 1654129755,
        "narHash": "sha256-HxOjfdQvXvXV0PYxYAebDjkZDOuLZGfhjX/pD2LnV4U=",
        "path": "/home/solomon/Development/Nix/nixos-config/flakes/volume-bar",
        "type": "path"
      },
      "original": {
        "path": "/home/solomon/Development/Nix/nixos-config/flakes/volume-bar",
        "type": "path"
      }
    },
    "xmobar-solomon": {
      "inputs": {
        "flake-utils": [
          "flake-utils"
        ],
        "nixpkgs": [
          "nixpkgs"
        ]
      },
      "locked": {
        "lastModified": 1654136917,
        "narHash": "sha256-3CYvynimHmSmOnqNeo4st10x1IIEJBtyz/+7kjX7UX8=",
        "path": "/home/solomon/Development/Nix/nixos-config/flakes/xmobar-solomon",
        "type": "path"
      },
      "original": {
        "path": "/home/solomon/Development/Nix/nixos-config/flakes/xmobar-solomon",
        "type": "path"
      }
    },
    "xmonad": {
      "inputs": {
        "flake-utils": [
          "flake-utils"
        ],
        "git-ignore-nix": "git-ignore-nix",
        "nixpkgs": [
          "nixpkgs"
        ],
        "unstable": [
          "unstable"
        ]
      },
      "locked": {
        "lastModified": 1654134674,
        "narHash": "sha256-xIG4HSCjKF4VoDP6D4rqlkuzmXpecwDYqcyyRkXzYIQ=",
        "path": "/home/solomon/Development/Nix/nixos-config/flakes/xmonad-solomon/xmonad",
        "type": "path"
      },
      "original": {
        "path": "/home/solomon/Development/Nix/nixos-config/flakes/xmonad-solomon/xmonad",
        "type": "path"
      }
    },
    "xmonad-contrib": {
      "inputs": {
        "flake-utils": [
          "flake-utils"
        ],
        "git-ignore-nix": "git-ignore-nix_2",
        "nixpkgs": [
          "nixpkgs"
        ],
        "xmonad": [
          "xmonad"
        ]
      },
      "locked": {
        "lastModified": 1654134721,
        "narHash": "sha256-TC0wthlUrLzMIAZ7SV63p0kgAe4J+0+6yoMnbwXnD9w=",
        "path": "/home/solomon/Development/Nix/nixos-config/flakes/xmonad-solomon/xmonad-contrib",
        "type": "path"
      },
      "original": {
        "path": "/home/solomon/Development/Nix/nixos-config/flakes/xmonad-solomon/xmonad-contrib",
        "type": "path"
      }
    },
    "xmonad-contrib_2": {
      "inputs": {
        "flake-utils": "flake-utils_4",
        "git-ignore-nix": "git-ignore-nix_4",
        "nixpkgs": [
          "xmonad-solomon",
          "nixpkgs"
        ],
        "xmonad": [
          "xmonad-solomon",
          "xmonad"
        ]
      },
      "locked": {
        "lastModified": 1654134721,
        "narHash": "sha256-TC0wthlUrLzMIAZ7SV63p0kgAe4J+0+6yoMnbwXnD9w=",
        "path": "/home/solomon/Development/Nix/nixos-config/flakes/xmonad-solomon/xmonad-contrib",
        "type": "path"
      },
      "original": {
        "path": "/home/solomon/Development/Nix/nixos-config/flakes/xmonad-solomon/xmonad-contrib",
        "type": "path"
      }
    },
    "xmonad-solomon": {
      "inputs": {
        "flake-utils": [
          "flake-utils"
        ],
        "nixpkgs": [
          "nixpkgs"
        ],
        "unstable": [
          "unstable"
        ],
        "xmonad": "xmonad_2",
        "xmonad-contrib": "xmonad-contrib_2"
      },
      "locked": {
        "lastModified": 1654142870,
        "narHash": "sha256-3WWjD3JjPoMKhln41lgWIHA/lmYnDCpsya5TNF8pg30=",
        "path": "/home/solomon/Development/Nix/nixos-config/flakes/xmonad-solomon",
        "type": "path"
      },
      "original": {
        "path": "/home/solomon/Development/Nix/nixos-config/flakes/xmonad-solomon",
        "type": "path"
      }
    },
    "xmonad_2": {
      "inputs": {
        "flake-utils": "flake-utils_3",
        "git-ignore-nix": "git-ignore-nix_3",
        "nixpkgs": [
          "xmonad-solomon",
          "nixpkgs"
        ],
        "unstable": [
          "xmonad-solomon",
          "unstable"
        ]
      },
      "locked": {
        "lastModified": 1654134674,
        "narHash": "sha256-xIG4HSCjKF4VoDP6D4rqlkuzmXpecwDYqcyyRkXzYIQ=",
        "path": "/home/solomon/Development/Nix/nixos-config/flakes/xmonad-solomon/xmonad",
        "type": "path"
      },
      "original": {
        "path": "/home/solomon/Development/Nix/nixos-config/flakes/xmonad-solomon/xmonad",
        "type": "path"
      }
    }
  },
  "root": "root",
  "version": 7
}
