{
  "nodes": {
    "brightness-bar": {
      "inputs": {
        "nixpkgs": [
          "nixpkgs"
        ]
      },
      "locked": {
        "lastModified": 1691336831,
        "narHash": "sha256-ea3GoM8tP3E9eYVcgTXRX4YY5JI71kgjadSt6u6+X1c=",
        "path": "/home/solomon/Development/Nix/nixos-config/flakes/brightness-bar",
        "type": "path"
      },
      "original": {
        "path": "/home/solomon/Development/Nix/nixos-config/flakes/brightness-bar",
        "type": "path"
      }
    },
    "flake-utils": {
      "inputs": {
        "systems": "systems"
      },
      "locked": {
        "lastModified": 1689068808,
        "narHash": "sha256-6ixXo3wt24N/melDWjq70UuHQLxGV8jZvooRanIHXw0=",
        "owner": "numtide",
        "repo": "flake-utils",
        "rev": "919d646de7be200f3bf08cb76ae1f09402b6f9b4",
        "type": "github"
      },
      "original": {
        "owner": "numtide",
        "repo": "flake-utils",
        "type": "github"
      }
    },
    "flake-utils_2": {
      "inputs": {
        "systems": "systems_2"
      },
      "locked": {
        "lastModified": 1689068808,
        "narHash": "sha256-6ixXo3wt24N/melDWjq70UuHQLxGV8jZvooRanIHXw0=",
        "owner": "numtide",
        "repo": "flake-utils",
        "rev": "919d646de7be200f3bf08cb76ae1f09402b6f9b4",
        "type": "github"
      },
      "original": {
        "owner": "numtide",
        "repo": "flake-utils",
        "type": "github"
      }
    },
    "flake-utils_3": {
      "locked": {
        "lastModified": 1659877975,
        "narHash": "sha256-zllb8aq3YO3h8B/U0/J1WBgAL8EX5yWf5pMj3G0NAmc=",
        "owner": "numtide",
        "repo": "flake-utils",
        "rev": "c0e246b9b83f637f4681389ecabcb2681b4f3af0",
        "type": "github"
      },
      "original": {
        "owner": "numtide",
        "repo": "flake-utils",
        "type": "github"
      }
    },
    "fonts": {
      "inputs": {
        "flake-utils": "flake-utils_2",
        "nixpkgs": [
          "nixpkgs"
        ]
      },
      "locked": {
        "lastModified": 1691336831,
        "narHash": "sha256-JNeIIdkeHcVfqDprsW8YlxtDNTxbwFnHI978DspO/iE=",
        "path": "/home/solomon/Development/Nix/nixos-config/flakes/fonts",
        "type": "path"
      },
      "original": {
        "path": "/home/solomon/Development/Nix/nixos-config/flakes/fonts",
        "type": "path"
      }
    },
    "git-ignore-nix": {
      "inputs": {
        "nixpkgs": [
          "xmonad-solomon",
          "nixpkgs"
        ]
      },
      "locked": {
        "lastModified": 1660459072,
        "narHash": "sha256-8DFJjXG8zqoONA1vXtgeKXy68KdJL5UaXR8NtVMUbx8=",
        "owner": "hercules-ci",
        "repo": "gitignore.nix",
        "rev": "a20de23b925fd8264fd7fad6454652e142fd7f73",
        "type": "github"
      },
      "original": {
        "owner": "hercules-ci",
        "repo": "gitignore.nix",
        "type": "github"
      }
    },
    "graphqurl": {
      "inputs": {
        "nixpkgs": [
          "nixpkgs"
        ]
      },
      "locked": {
        "lastModified": 1691336831,
        "narHash": "sha256-daBTtKVfCaUuRC9O9VerpulclGt2EJjgcuE1uaaoZvE=",
        "path": "/home/solomon/Development/Nix/nixos-config/flakes/graphqurl",
        "type": "path"
      },
      "original": {
        "path": "/home/solomon/Development/Nix/nixos-config/flakes/graphqurl",
        "type": "path"
      }
    },
    "gum": {
      "inputs": {
        "flake-utils": "flake-utils_3",
        "nixpkgs": [
          "nixpkgs"
        ]
      },
      "locked": {
        "lastModified": 1664261851,
        "narHash": "sha256-OIMLh2gBneqar9hlwyHsBVsgTXZi3jz2pWTbnQT4tOs=",
        "owner": "solomon-b",
        "repo": "gum",
        "rev": "c53643256cce00c64d5328828e6a18cd2530f359",
        "type": "github"
      },
      "original": {
        "owner": "solomon-b",
        "repo": "gum",
        "type": "github"
      }
    },
    "home-manager": {
      "inputs": {
        "nixpkgs": [
          "nixpkgs"
        ]
      },
      "locked": {
        "lastModified": 1687871164,
        "narHash": "sha256-bBFlPthuYX322xOlpJvkjUBz0C+MOBjZdDOOJJ+G2jU=",
        "owner": "rycee",
        "repo": "home-manager",
        "rev": "07c347bb50994691d7b0095f45ebd8838cf6bc38",
        "type": "github"
      },
      "original": {
        "owner": "rycee",
        "ref": "release-23.05",
        "repo": "home-manager",
        "type": "github"
      }
    },
    "impermanence": {
      "locked": {
        "lastModified": 1690797372,
        "narHash": "sha256-GImz19e33SeVcIvBB7NnhbJSbTpFFmNtWLh7Z85Y188=",
        "owner": "nix-community",
        "repo": "impermanence",
        "rev": "e3a7acd113903269a1b5c8b527e84ce7ee859851",
        "type": "github"
      },
      "original": {
        "owner": "nix-community",
        "repo": "impermanence",
        "type": "github"
      }
    },
    "kmonad": {
      "inputs": {
        "flake-utils": [
          "flake-utils"
        ],
        "nixpkgs": [
          "nixpkgs"
        ]
      },
      "locked": {
        "dir": "nix",
        "lastModified": 1630622629,
        "narHash": "sha256-dBZfNRzxF/dDatmlGUM7ZcfCTAixnRsYXKzAXbb12P8=",
        "owner": "pnotequalnp",
        "repo": "kmonad",
        "rev": "d130553134f0fb2254852e719a06bc36dce58441",
        "type": "github"
      },
      "original": {
        "dir": "nix",
        "owner": "pnotequalnp",
        "ref": "flake",
        "repo": "kmonad",
        "type": "github"
      }
    },
    "nixlib": {
      "locked": {
        "lastModified": 1685840432,
        "narHash": "sha256-VJIbiKsY7Xy4E4WcgwUt/UiwYDmN5BAk8tngAjcWsqY=",
        "owner": "nix-community",
        "repo": "nixpkgs.lib",
        "rev": "961e99baaaa57f5f7042fe7ce089a88786c839f4",
        "type": "github"
      },
      "original": {
        "owner": "nix-community",
        "repo": "nixpkgs.lib",
        "type": "github"
      }
    },
    "nixos-generators": {
      "inputs": {
        "nixlib": "nixlib",
        "nixpkgs": [
          "nixpkgs"
        ]
      },
      "locked": {
        "lastModified": 1685943944,
        "narHash": "sha256-GpaQwOkvwkmSWxvWaZqbMKyyOSaBAwgdEcHCqLW/240=",
        "owner": "nix-community",
        "repo": "nixos-generators",
        "rev": "122dcc32cadf14c5015aa021fae8882c5058263a",
        "type": "github"
      },
      "original": {
        "owner": "nix-community",
        "repo": "nixos-generators",
        "type": "github"
      }
    },
    "nixpkgs": {
      "locked": {
        "lastModified": 1691252436,
        "narHash": "sha256-SKKPKYOnFcwqECehxoFBMLv29CZXC5qCDuETSuXd82g=",
        "owner": "nixos",
        "repo": "nixpkgs",
        "rev": "9607b9149c9d81fdf3dc4f3bcc278da146ffbd77",
        "type": "github"
      },
      "original": {
        "owner": "nixos",
        "ref": "nixos-23.05",
        "repo": "nixpkgs",
        "type": "github"
      }
    },
    "nixpkgs-stable": {
      "locked": {
        "lastModified": 1690066826,
        "narHash": "sha256-6L2qb+Zc0BFkh72OS9uuX637gniOjzU6qCDBpjB2LGY=",
        "owner": "NixOS",
        "repo": "nixpkgs",
        "rev": "ce45b591975d070044ca24e3003c830d26fea1c8",
        "type": "github"
      },
      "original": {
        "owner": "NixOS",
        "ref": "release-23.05",
        "repo": "nixpkgs",
        "type": "github"
      }
    },
    "podcast-dl": {
      "inputs": {
        "nixpkgs": [
          "nixpkgs"
        ]
      },
      "locked": {
        "lastModified": 1691336831,
        "narHash": "sha256-uhk4tyAFtMU4xbLXLOe8jKb7zmzxQNE0yQt7d7SQ5A0=",
        "path": "/home/solomon/Development/Nix/nixos-config/flakes/podcast-dl",
        "type": "path"
      },
      "original": {
        "path": "/home/solomon/Development/Nix/nixos-config/flakes/podcast-dl",
        "type": "path"
      }
    },
    "root": {
      "inputs": {
        "brightness-bar": "brightness-bar",
        "flake-utils": "flake-utils",
        "fonts": "fonts",
        "graphqurl": "graphqurl",
        "gum": "gum",
        "home-manager": "home-manager",
        "impermanence": "impermanence",
        "kmonad": "kmonad",
        "nixos-generators": "nixos-generators",
        "nixpkgs": "nixpkgs",
        "podcast-dl": "podcast-dl",
        "sops-nix": "sops-nix",
        "unstable": "unstable",
        "volume-bar": "volume-bar",
        "xmobar-solomon": "xmobar-solomon",
        "xmonad-solomon": "xmonad-solomon"
      }
    },
    "sops-nix": {
      "inputs": {
        "nixpkgs": [
          "nixpkgs"
        ],
        "nixpkgs-stable": "nixpkgs-stable"
      },
      "locked": {
        "lastModified": 1690199016,
        "narHash": "sha256-yTLL72q6aqGmzHq+C3rDp3rIjno7EJZkFLof6Ika7cE=",
        "owner": "Mic92",
        "repo": "sops-nix",
        "rev": "c36df4fe4bf4bb87759b1891cab21e7a05219500",
        "type": "github"
      },
      "original": {
        "owner": "Mic92",
        "repo": "sops-nix",
        "type": "github"
      }
    },
    "systems": {
      "locked": {
        "lastModified": 1681028828,
        "narHash": "sha256-Vy1rq5AaRuLzOxct8nz4T6wlgyUR7zLU309k9mBC768=",
        "owner": "nix-systems",
        "repo": "default",
        "rev": "da67096a3b9bf56a91d16901293e51ba5b49a27e",
        "type": "github"
      },
      "original": {
        "owner": "nix-systems",
        "repo": "default",
        "type": "github"
      }
    },
    "systems_2": {
      "locked": {
        "lastModified": 1681028828,
        "narHash": "sha256-Vy1rq5AaRuLzOxct8nz4T6wlgyUR7zLU309k9mBC768=",
        "owner": "nix-systems",
        "repo": "default",
        "rev": "da67096a3b9bf56a91d16901293e51ba5b49a27e",
        "type": "github"
      },
      "original": {
        "owner": "nix-systems",
        "repo": "default",
        "type": "github"
      }
    },
    "unstable": {
      "locked": {
        "lastModified": 1691336995,
        "narHash": "sha256-6gyQVfFxCbzBqxMAudKK1DYehAnRfIjXqV2avxhXTrE=",
        "owner": "nixos",
        "repo": "nixpkgs",
        "rev": "26a62a4603aa3f3bdbb7cffc5af3d261491ff993",
        "type": "github"
      },
      "original": {
        "owner": "nixos",
        "repo": "nixpkgs",
        "type": "github"
      }
    },
    "volume-bar": {
      "inputs": {
        "nixpkgs": [
          "nixpkgs"
        ]
      },
      "locked": {
        "lastModified": 1691336831,
        "narHash": "sha256-tXKvrwrlRnuLpRjQIKk2oZhWgYB4Q5hLWV5TsSq+gYY=",
        "path": "/home/solomon/Development/Nix/nixos-config/flakes/volume-bar",
        "type": "path"
      },
      "original": {
        "path": "/home/solomon/Development/Nix/nixos-config/flakes/volume-bar",
        "type": "path"
      }
    },
    "xmobar-solomon": {
      "inputs": {
        "flake-utils": [
          "flake-utils"
        ],
        "nixpkgs": [
          "nixpkgs"
        ]
      },
      "locked": {
        "lastModified": 1691336831,
        "narHash": "sha256-4weXXywPXqJnhogLhEVq7rXXYDRY079cIQGYr0RycXk=",
        "path": "/home/solomon/Development/Nix/nixos-config/flakes/xmobar-solomon",
        "type": "path"
      },
      "original": {
        "path": "/home/solomon/Development/Nix/nixos-config/flakes/xmobar-solomon",
        "type": "path"
      }
    },
    "xmonad": {
      "inputs": {
        "flake-utils": [
          "xmonad-solomon",
          "flake-utils"
        ],
        "git-ignore-nix": [
          "xmonad-solomon",
          "git-ignore-nix"
        ],
        "nixpkgs": [
          "xmonad-solomon",
          "nixpkgs"
        ],
        "unstable": [
          "xmonad-solomon",
          "unstable"
        ]
      },
      "locked": {
        "lastModified": 1685361967,
        "narHash": "sha256-uF34C2uNieDM6C6NCMgdVydgy95w6OnVnmVaHZpIMsw=",
        "owner": "xmonad",
        "repo": "xmonad",
        "rev": "b7a76a5e8cbd4dc08f054128afefc538adecffaa",
        "type": "github"
      },
      "original": {
        "owner": "xmonad",
        "repo": "xmonad",
        "type": "github"
      }
    },
    "xmonad-contrib": {
      "inputs": {
        "flake-utils": [
          "xmonad-solomon",
          "flake-utils"
        ],
        "git-ignore-nix": [
          "xmonad-solomon",
          "git-ignore-nix"
        ],
        "nixpkgs": [
          "xmonad-solomon",
          "nixpkgs"
        ],
        "xmonad": [
          "xmonad-solomon",
          "xmonad"
        ]
      },
      "locked": {
        "lastModified": 1685384144,
        "narHash": "sha256-wp2lRDifWuTOIYMshkjfT0TUVSPGPcQCTfBIx9/2/Uc=",
        "owner": "xmonad",
        "repo": "xmonad-contrib",
        "rev": "b6c0dd9cfcd95dff93f2c58115a2af1bb6b5f762",
        "type": "github"
      },
      "original": {
        "owner": "xmonad",
        "repo": "xmonad-contrib",
        "type": "github"
      }
    },
    "xmonad-solomon": {
      "inputs": {
        "flake-utils": [
          "flake-utils"
        ],
        "git-ignore-nix": "git-ignore-nix",
        "nixpkgs": [
          "nixpkgs"
        ],
        "unstable": [
          "unstable"
        ],
        "xmonad": "xmonad",
        "xmonad-contrib": "xmonad-contrib"
      },
      "locked": {
        "lastModified": 1691336831,
        "narHash": "sha256-KiXTeYmdwZZmXyb8XjVXLSq6oY25bUeouwWPNQUFsK4=",
        "path": "/home/solomon/Development/Nix/nixos-config/flakes/xmonad-solomon",
        "type": "path"
      },
      "original": {
        "path": "/home/solomon/Development/Nix/nixos-config/flakes/xmonad-solomon",
        "type": "path"
      }
    }
  },
  "root": "root",
  "version": 7
}
