{
  "nodes": {
    "agenix": {
      "inputs": {
        "nixpkgs": [
          "nixpkgs"
        ]
      },
      "locked": {
        "lastModified": 1652712410,
        "narHash": "sha256-hMJ2TqLt0DleEnQFGUHK9sV2aAzJPU8pZeiZoqRozbE=",
        "owner": "ryantm",
        "repo": "agenix",
        "rev": "7e5e58b98c3dcbf497543ff6f22591552ebfe65b",
        "type": "github"
      },
      "original": {
        "owner": "ryantm",
        "repo": "agenix",
        "type": "github"
      }
    },
    "brightness-bar": {
      "inputs": {
        "nixpkgs": [
          "nixpkgs"
        ]
      },
      "locked": {
        "lastModified": 1654231976,
        "narHash": "sha256-xrzZHGdFsYQI9u8VlgzIxG2zX7mVmQOp3HL1EQGfacM=",
        "path": "/home/solomon/Development/Nix/nixos-config/flakes/brightness-bar",
        "type": "path"
      },
      "original": {
        "path": "/home/solomon/Development/Nix/nixos-config/flakes/brightness-bar",
        "type": "path"
      }
    },
    "flake-utils": {
      "locked": {
        "lastModified": 1659877975,
        "narHash": "sha256-zllb8aq3YO3h8B/U0/J1WBgAL8EX5yWf5pMj3G0NAmc=",
        "owner": "numtide",
        "repo": "flake-utils",
        "rev": "c0e246b9b83f637f4681389ecabcb2681b4f3af0",
        "type": "github"
      },
      "original": {
        "owner": "numtide",
        "repo": "flake-utils",
        "type": "github"
      }
    },
    "flake-utils_2": {
      "locked": {
        "lastModified": 1659877975,
        "narHash": "sha256-zllb8aq3YO3h8B/U0/J1WBgAL8EX5yWf5pMj3G0NAmc=",
        "owner": "numtide",
        "repo": "flake-utils",
        "rev": "c0e246b9b83f637f4681389ecabcb2681b4f3af0",
        "type": "github"
      },
      "original": {
        "owner": "numtide",
        "repo": "flake-utils",
        "type": "github"
      }
    },
    "git-ignore-nix": {
      "inputs": {
        "nixpkgs": "nixpkgs_2"
      },
      "locked": {
        "lastModified": 1660459072,
        "narHash": "sha256-8DFJjXG8zqoONA1vXtgeKXy68KdJL5UaXR8NtVMUbx8=",
        "owner": "hercules-ci",
        "repo": "gitignore.nix",
        "rev": "a20de23b925fd8264fd7fad6454652e142fd7f73",
        "type": "github"
      },
      "original": {
        "owner": "hercules-ci",
        "ref": "master",
        "repo": "gitignore.nix",
        "type": "github"
      }
    },
    "git-ignore-nix_2": {
      "inputs": {
        "nixpkgs": [
          "xmonad-solomon",
          "xmonad",
          "nixpkgs"
        ]
      },
      "locked": {
        "lastModified": 1646480205,
        "narHash": "sha256-kekOlTlu45vuK2L9nq8iVN17V3sB0WWPqTTW3a2SQG0=",
        "owner": "hercules-ci",
        "repo": "gitignore.nix",
        "rev": "bff2832ec341cf30acb3a4d3e2e7f1f7b590116a",
        "type": "github"
      },
      "original": {
        "owner": "hercules-ci",
        "ref": "master",
        "repo": "gitignore.nix",
        "type": "github"
      }
    },
    "git-ignore-nix_3": {
      "inputs": {
        "nixpkgs": [
          "xmonad-solomon",
          "xmonad-contrib",
          "nixpkgs"
        ]
      },
      "locked": {
        "lastModified": 1646480205,
        "narHash": "sha256-kekOlTlu45vuK2L9nq8iVN17V3sB0WWPqTTW3a2SQG0=",
        "owner": "hercules-ci",
        "repo": "gitignore.nix",
        "rev": "bff2832ec341cf30acb3a4d3e2e7f1f7b590116a",
        "type": "github"
      },
      "original": {
        "owner": "hercules-ci",
        "ref": "master",
        "repo": "gitignore.nix",
        "type": "github"
      }
    },
    "graphqurl": {
      "inputs": {
        "nixpkgs": [
          "nixpkgs"
        ]
      },
      "locked": {
        "lastModified": 1656446155,
        "narHash": "sha256-2jDHKbbHZhmH9dJZ2BIydtO6Bj9wFMN6/E/6jdU4bXY=",
        "path": "/home/solomon/Development/Nix/nixos-config/flakes/graphqurl",
        "type": "path"
      },
      "original": {
        "path": "/home/solomon/Development/Nix/nixos-config/flakes/graphqurl",
        "type": "path"
      }
    },
    "home-manager": {
      "inputs": {
        "nixpkgs": [
          "nixpkgs"
        ]
      },
      "locked": {
        "lastModified": 1656169755,
        "narHash": "sha256-Nlnm4jeQWEGjYrE6hxi/7HYHjBSZ/E0RtjCYifnNsWk=",
        "owner": "rycee",
        "repo": "home-manager",
        "rev": "4a3d01fb53f52ac83194081272795aa4612c2381",
        "type": "github"
      },
      "original": {
        "owner": "rycee",
        "ref": "release-22.05",
        "repo": "home-manager",
        "type": "github"
      }
    },
    "kmonad": {
      "inputs": {
        "flake-utils": [
          "flake-utils"
        ],
        "nixpkgs": [
          "nixpkgs"
        ]
      },
      "locked": {
        "dir": "nix",
        "lastModified": 1630622629,
        "narHash": "sha256-dBZfNRzxF/dDatmlGUM7ZcfCTAixnRsYXKzAXbb12P8=",
        "owner": "pnotequalnp",
        "repo": "kmonad",
        "rev": "d130553134f0fb2254852e719a06bc36dce58441",
        "type": "github"
      },
      "original": {
        "dir": "nix",
        "owner": "pnotequalnp",
        "ref": "flake",
        "repo": "kmonad",
        "type": "github"
      }
    },
    "nixlib": {
      "locked": {
        "lastModified": 1636849918,
        "narHash": "sha256-nzUK6dPcTmNVrgTAC1EOybSMsrcx+QrVPyqRdyKLkjA=",
        "owner": "nix-community",
        "repo": "nixpkgs.lib",
        "rev": "28a5b0557f14124608db68d3ee1f77e9329e9dd5",
        "type": "github"
      },
      "original": {
        "owner": "nix-community",
        "repo": "nixpkgs.lib",
        "type": "github"
      }
    },
    "nixos-generators": {
      "inputs": {
        "nixlib": "nixlib",
        "nixpkgs": [
          "nixpkgs"
        ]
      },
      "locked": {
        "lastModified": 1660727616,
        "narHash": "sha256-zYTIvdPMYMx/EYqXODAwIIU30RiEHqNHdgarIHuEYZc=",
        "owner": "nix-community",
        "repo": "nixos-generators",
        "rev": "adccd191a0e83039d537e021f19495b7bad546a1",
        "type": "github"
      },
      "original": {
        "owner": "nix-community",
        "repo": "nixos-generators",
        "type": "github"
      }
    },
    "nixpkgs": {
      "locked": {
        "lastModified": 1661427965,
        "narHash": "sha256-LJeSDbiebN0/eRt9vyOm+Bxljdsq5ZdalmmTk9Xpp30=",
        "owner": "nixos",
        "repo": "nixpkgs",
        "rev": "058de3818577db19d1965c21e2479916a3eaaf95",
        "type": "github"
      },
      "original": {
        "owner": "nixos",
        "ref": "nixos-22.05",
        "repo": "nixpkgs",
        "type": "github"
      }
    },
    "nixpkgs_2": {
      "locked": {
        "lastModified": 1632846328,
        "narHash": "sha256-sFi6YtlGK30TBB9o6CW7LG9mYHkgtKeWbSLAjjrNTX0=",
        "owner": "NixOS",
        "repo": "nixpkgs",
        "rev": "2b71ddd869ad592510553d09fe89c9709fa26b2b",
        "type": "github"
      },
      "original": {
        "id": "nixpkgs",
        "type": "indirect"
      }
    },
    "podcast-dl": {
      "inputs": {
        "nixpkgs": [
          "nixpkgs"
        ]
      },
      "locked": {
        "lastModified": 1656464091,
        "narHash": "sha256-eL/QyJXT5kIOjQ8me6ZiAPbku503PqP+h9P0J6Ju5cs=",
        "path": "/home/solomon/Development/Nix/nixos-config/flakes/podcast-dl",
        "type": "path"
      },
      "original": {
        "path": "/home/solomon/Development/Nix/nixos-config/flakes/podcast-dl",
        "type": "path"
      }
    },
    "root": {
      "inputs": {
        "agenix": "agenix",
        "brightness-bar": "brightness-bar",
        "flake-utils": "flake-utils",
        "graphqurl": "graphqurl",
        "home-manager": "home-manager",
        "kmonad": "kmonad",
        "nixos-generators": "nixos-generators",
        "nixpkgs": "nixpkgs",
        "podcast-dl": "podcast-dl",
        "unstable": "unstable",
        "volume-bar": "volume-bar",
        "xmobar-solomon": "xmobar-solomon",
        "xmonad-solomon": "xmonad-solomon"
      }
    },
    "unstable": {
      "locked": {
        "lastModified": 1661559655,
        "narHash": "sha256-dx3q466iATMt+77WUrHDVqiBGKz54ksGl5zn2pRT5gI=",
        "owner": "NixOS",
        "repo": "nixpkgs",
        "rev": "965f51d889241fff388f4b51e714e95a3ee9a9c5",
        "type": "github"
      },
      "original": {
        "id": "unstable",
        "type": "indirect"
      }
    },
    "volume-bar": {
      "inputs": {
        "nixpkgs": [
          "nixpkgs"
        ]
      },
      "locked": {
        "lastModified": 1654231976,
        "narHash": "sha256-HxOjfdQvXvXV0PYxYAebDjkZDOuLZGfhjX/pD2LnV4U=",
        "path": "/home/solomon/Development/Nix/nixos-config/flakes/volume-bar",
        "type": "path"
      },
      "original": {
        "path": "/home/solomon/Development/Nix/nixos-config/flakes/volume-bar",
        "type": "path"
      }
    },
    "xmobar": {
      "inputs": {
        "flake-utils": "flake-utils_2",
        "git-ignore-nix": "git-ignore-nix",
        "nixpkgs": [
          "xmobar-solomon",
          "nixpkgs"
        ]
      },
      "locked": {
        "lastModified": 1661241851,
        "narHash": "sha256-ZIvg6aCIV2bERC82fk+4Hj1lWTAmpz71uBRR2h1oxE0=",
        "type": "git",
        "url": "file:///home/solomon/Development/haskell/xmobar"
      },
      "original": {
        "type": "git",
        "url": "file:///home/solomon/Development/haskell/xmobar"
      }
    },
    "xmobar-solomon": {
      "inputs": {
        "flake-utils": [
          "flake-utils"
        ],
        "nixpkgs": [
          "nixpkgs"
        ],
        "xmobar": "xmobar"
      },
      "locked": {
        "lastModified": 1661246489,
        "narHash": "sha256-tMaVKGELO2Qesve8Sx9NgtesqSs0FWWUoYcpo0chA8M=",
        "path": "/home/solomon/Development/Nix/nixos-config/flakes/xmobar-solomon",
        "type": "path"
      },
      "original": {
        "path": "/home/solomon/Development/Nix/nixos-config/flakes/xmobar-solomon",
        "type": "path"
      }
    },
    "xmonad": {
      "inputs": {
        "flake-utils": [
          "xmonad-solomon",
          "flake-utils"
        ],
        "git-ignore-nix": "git-ignore-nix_2",
        "nixpkgs": [
          "xmonad-solomon",
          "nixpkgs"
        ],
        "unstable": [
          "xmonad-solomon",
          "unstable"
        ]
      },
      "locked": {
        "lastModified": 1654184605,
        "narHash": "sha256-xIG4HSCjKF4VoDP6D4rqlkuzmXpecwDYqcyyRkXzYIQ=",
        "path": "/home/solomon/Development/Nix/nixos-config/flakes/xmonad-solomon/xmonad",
        "type": "path"
      },
      "original": {
        "path": "/home/solomon/Development/Nix/nixos-config/flakes/xmonad-solomon/xmonad",
        "type": "path"
      }
    },
    "xmonad-contrib": {
      "inputs": {
        "flake-utils": [
          "xmonad-solomon",
          "flake-utils"
        ],
        "git-ignore-nix": "git-ignore-nix_3",
        "nixpkgs": [
          "xmonad-solomon",
          "nixpkgs"
        ],
        "xmonad": [
          "xmonad-solomon",
          "xmonad"
        ]
      },
      "locked": {
        "lastModified": 1654187199,
        "narHash": "sha256-jUHzkbuXYBP2+ZeotGj4LfGQJB1n18QGfaPASxNcXjU=",
        "path": "/home/solomon/Development/Nix/nixos-config/flakes/xmonad-solomon/xmonad-contrib",
        "type": "path"
      },
      "original": {
        "path": "/home/solomon/Development/Nix/nixos-config/flakes/xmonad-solomon/xmonad-contrib",
        "type": "path"
      }
    },
    "xmonad-solomon": {
      "inputs": {
        "flake-utils": [
          "flake-utils"
        ],
        "nixpkgs": [
          "nixpkgs"
        ],
        "unstable": [
          "unstable"
        ],
        "xmonad": "xmonad",
        "xmonad-contrib": "xmonad-contrib"
      },
      "locked": {
        "lastModified": 1661531945,
        "narHash": "sha256-ncPKsnrEEkZszguPjnlb4xwT5b5HcOO+bKlfUNssO44=",
        "path": "/home/solomon/Development/Nix/nixos-config/flakes/xmonad-solomon",
        "type": "path"
      },
      "original": {
        "path": "/home/solomon/Development/Nix/nixos-config/flakes/xmonad-solomon",
        "type": "path"
      }
    }
  },
  "root": "root",
  "version": 7
}
