{
  "nodes": {
    "nixpkgs": {
      "locked": {
        "lastModified": 1656370902,
        "narHash": "sha256-wSJNOh2ODfqHlfjGHjOWDHr3AERIN7bnjU5LYy+9Ob4=",
        "owner": "NixOS",
        "repo": "nixpkgs",
        "rev": "0c4852c7bc40747e734a84a0d234105a4d5c146f",
        "type": "github"
      },
      "original": {
        "id": "nixpkgs",
        "type": "indirect"
      }
    },
    "root": {
      "inputs": {
        "nixpkgs": "nixpkgs"
      }
    }
  },
  "root": "root",
  "version": 7
}
